
Microsoft Visual Studio Solution File, Format Version 12.00
# Visual Studio Version 17
VisualStudioVersion = 17.2.32526.322
MinimumVisualStudioVersion = 10.0.40219.1
Project("{8BC9CEB8-8B4A-11D0-8D11-00A0C91BC942}") = "Modelviewer", "Modelviewer\Modelviewer.vcxproj", "{BC0EE161-ACEE-429C-9E4D-8DCE73A697BB}"
	ProjectSection(ProjectDependencies) = postProject
		{18996B03-47A7-4322-BC5D-EFFB7B4AE339} = {18996B03-47A7-4322-BC5D-EFFB7B4AE339}
	EndProjectSection
EndProject
Project("{8BC9CEB8-8B4A-11D0-8D11-00A0C91BC942}") = "GraphicsEngine", "GraphicsEngine\GraphicsEngine.vcxproj", "{4A14B5D4-9D37-4A37-9D3B-D7B2BAC7B312}"
EndProject
Project("{8BC9CEB8-8B4A-11D0-8D11-00A0C91BC942}") = "External", "External\External.vcxproj", "{18996B03-47A7-4322-BC5D-EFFB7B4AE339}"
EndProject
Global
	GlobalSection(SolutionConfigurationPlatforms) = preSolution
		Debug|x64 = Debug|x64
		Release|x64 = Release|x64
	EndGlobalSection
	GlobalSection(ProjectConfigurationPlatforms) = postSolution
		{BC0EE161-ACEE-429C-9E4D-8DCE73A697BB}.Debug|x64.ActiveCfg = Debug|x64
		{BC0EE161-ACEE-429C-9E4D-8DCE73A697BB}.Debug|x64.Build.0 = Debug|x64
		{BC0EE161-ACEE-429C-9E4D-8DCE73A697BB}.Release|x64.ActiveCfg = Release|x64
		{BC0EE161-ACEE-429C-9E4D-8DCE73A697BB}.Release|x64.Build.0 = Release|x64
		{4A14B5D4-9D37-4A37-9D3B-D7B2BAC7B312}.Debug|x64.ActiveCfg = Debug|x64
		{4A14B5D4-9D37-4A37-9D3B-D7B2BAC7B312}.Debug|x64.Build.0 = Debug|x64
		{4A14B5D4-9D37-4A37-9D3B-D7B2BAC7B312}.Release|x64.ActiveCfg = Release|x64
		{4A14B5D4-9D37-4A37-9D3B-D7B2BAC7B312}.Release|x64.Build.0 = Release|x64
		{18996B03-47A7-4322-BC5D-EFFB7B4AE339}.Debug|x64.ActiveCfg = Debug|x64
		{18996B03-47A7-4322-BC5D-EFFB7B4AE339}.Debug|x64.Build.0 = Debug|x64
		{18996B03-47A7-4322-BC5D-EFFB7B4AE339}.Release|x64.ActiveCfg = Release|x64
		{18996B03-47A7-4322-BC5D-EFFB7B4AE339}.Release|x64.Build.0 = Release|x64
	EndGlobalSection
	GlobalSection(SolutionProperties) = preSolution
		HideSolutionNode = FALSE
	EndGlobalSection
	GlobalSection(ExtensibilityGlobals) = postSolution
		SolutionGuid = {6291F018-61C1-4285-ACFA-72300622B6CB}
	EndGlobalSection
EndGlobal
